// !$*UTF8*$!
{
	archiveVersion = 1;
	classes = {
	};
	objectVersion = 56;
	objects = {

/* Begin PBXBuildFile section */
		F0504B1A2BFA1E8900FC7399 /* ImagesListViewController.swift in Sources */ = {isa = PBXBuildFile; fileRef = F0504B192BFA1E8900FC7399 /* ImagesListViewController.swift */; };
		F0504B1C2BFA57BE00FC7399 /* ImagesListCell.swift in Sources */ = {isa = PBXBuildFile; fileRef = F0504B1B2BFA57BE00FC7399 /* ImagesListCell.swift */; };
		F06AE2E42BE78E4F008E93DD /* AppDelegate.swift in Sources */ = {isa = PBXBuildFile; fileRef = F06AE2E32BE78E4F008E93DD /* AppDelegate.swift */; };
		F06AE2E62BE78E4F008E93DD /* SceneDelegate.swift in Sources */ = {isa = PBXBuildFile; fileRef = F06AE2E52BE78E4F008E93DD /* SceneDelegate.swift */; };
		F06AE2EB2BE78E4F008E93DD /* Base in Resources */ = {isa = PBXBuildFile; fileRef = F06AE2EA2BE78E4F008E93DD /* Base */; };
		F06AE2ED2BE78E51008E93DD /* Assets.xcassets in Resources */ = {isa = PBXBuildFile; fileRef = F06AE2EC2BE78E51008E93DD /* Assets.xcassets */; };
		F06AE2F02BE78E51008E93DD /* Base in Resources */ = {isa = PBXBuildFile; fileRef = F06AE2EF2BE78E51008E93DD /* Base */; };
		F08CFDB12C022CE200D5ED56 /* ProfileViewController.swift in Sources */ = {isa = PBXBuildFile; fileRef = F08CFDB02C022CE200D5ED56 /* ProfileViewController.swift */; };
		F0A45D162C26E5E100D5A494 /* SingleImageViewController.swift in Sources */ = {isa = PBXBuildFile; fileRef = F0A45D152C26E5E100D5A494 /* SingleImageViewController.swift */; };
		F0B46BE12C31B0CA003F81B8 /* AuthViewController.swift in Sources */ = {isa = PBXBuildFile; fileRef = F0B46BE02C31B0CA003F81B8 /* AuthViewController.swift */; };
		F0B46BE42C31B369003F81B8 /* WebViewViewController.swift in Sources */ = {isa = PBXBuildFile; fileRef = F0B46BE32C31B369003F81B8 /* WebViewViewController.swift */; };
		F0B46BE62C31D846003F81B8 /* URLSession+data.swift in Sources */ = {isa = PBXBuildFile; fileRef = F0B46BE52C31D846003F81B8 /* URLSession+data.swift */; };
		F0B46BE82C3203BD003F81B8 /* OAuth2Service.swift in Sources */ = {isa = PBXBuildFile; fileRef = F0B46BE72C3203BD003F81B8 /* OAuth2Service.swift */; };
		F0B46BEA2C3203DD003F81B8 /* OAuth2TokenStorage.swift in Sources */ = {isa = PBXBuildFile; fileRef = F0B46BE92C3203DD003F81B8 /* OAuth2TokenStorage.swift */; };
		F0B46BED2C32040B003F81B8 /* SplashViewController.swift in Sources */ = {isa = PBXBuildFile; fileRef = F0B46BEC2C32040B003F81B8 /* SplashViewController.swift */; };
		F0B46BF02C320ECC003F81B8 /* OAuthTokenResponseBody.swift in Sources */ = {isa = PBXBuildFile; fileRef = F0B46BEF2C320ECC003F81B8 /* OAuthTokenResponseBody.swift */; };
		F0FBAB712C2B04AA00FD7D32 /* Constants.swift in Sources */ = {isa = PBXBuildFile; fileRef = F0FBAB702C2B04AA00FD7D32 /* Constants.swift */; };
/* End PBXBuildFile section */

/* Begin PBXFileReference section */
		F0504B192BFA1E8900FC7399 /* ImagesListViewController.swift */ = {isa = PBXFileReference; fileEncoding = 4; lastKnownFileType = sourcecode.swift; path = ImagesListViewController.swift; sourceTree = "<group>"; };
		F0504B1B2BFA57BE00FC7399 /* ImagesListCell.swift */ = {isa = PBXFileReference; lastKnownFileType = sourcecode.swift; path = ImagesListCell.swift; sourceTree = "<group>"; };
		F06AE2E02BE78E4F008E93DD /* ImageFeed.app */ = {isa = PBXFileReference; explicitFileType = wrapper.application; includeInIndex = 0; path = ImageFeed.app; sourceTree = BUILT_PRODUCTS_DIR; };
		F06AE2E32BE78E4F008E93DD /* AppDelegate.swift */ = {isa = PBXFileReference; lastKnownFileType = sourcecode.swift; path = AppDelegate.swift; sourceTree = "<group>"; };
		F06AE2E52BE78E4F008E93DD /* SceneDelegate.swift */ = {isa = PBXFileReference; lastKnownFileType = sourcecode.swift; path = SceneDelegate.swift; sourceTree = "<group>"; };
		F06AE2EA2BE78E4F008E93DD /* Base */ = {isa = PBXFileReference; lastKnownFileType = file.storyboard; name = Base; path = Base.lproj/Main.storyboard; sourceTree = "<group>"; };
		F06AE2EC2BE78E51008E93DD /* Assets.xcassets */ = {isa = PBXFileReference; lastKnownFileType = folder.assetcatalog; path = Assets.xcassets; sourceTree = "<group>"; };
		F06AE2EF2BE78E51008E93DD /* Base */ = {isa = PBXFileReference; lastKnownFileType = file.storyboard; name = Base; path = Base.lproj/LaunchScreen.storyboard; sourceTree = "<group>"; };
		F06AE2F12BE78E51008E93DD /* Info.plist */ = {isa = PBXFileReference; lastKnownFileType = text.plist.xml; path = Info.plist; sourceTree = "<group>"; };
		F08CFDB02C022CE200D5ED56 /* ProfileViewController.swift */ = {isa = PBXFileReference; lastKnownFileType = sourcecode.swift; path = ProfileViewController.swift; sourceTree = "<group>"; };
		F0A45D152C26E5E100D5A494 /* SingleImageViewController.swift */ = {isa = PBXFileReference; lastKnownFileType = sourcecode.swift; path = SingleImageViewController.swift; sourceTree = "<group>"; };
		F0B46BE02C31B0CA003F81B8 /* AuthViewController.swift */ = {isa = PBXFileReference; lastKnownFileType = sourcecode.swift; path = AuthViewController.swift; sourceTree = "<group>"; };
		F0B46BE32C31B369003F81B8 /* WebViewViewController.swift */ = {isa = PBXFileReference; lastKnownFileType = sourcecode.swift; path = WebViewViewController.swift; sourceTree = "<group>"; };
		F0B46BE52C31D846003F81B8 /* URLSession+data.swift */ = {isa = PBXFileReference; lastKnownFileType = sourcecode.swift; path = "URLSession+data.swift"; sourceTree = "<group>"; };
		F0B46BE72C3203BD003F81B8 /* OAuth2Service.swift */ = {isa = PBXFileReference; lastKnownFileType = sourcecode.swift; path = OAuth2Service.swift; sourceTree = "<group>"; };
		F0B46BE92C3203DD003F81B8 /* OAuth2TokenStorage.swift */ = {isa = PBXFileReference; lastKnownFileType = sourcecode.swift; path = OAuth2TokenStorage.swift; sourceTree = "<group>"; };
		F0B46BEC2C32040B003F81B8 /* SplashViewController.swift */ = {isa = PBXFileReference; lastKnownFileType = sourcecode.swift; path = SplashViewController.swift; sourceTree = "<group>"; };
		F0B46BEF2C320ECC003F81B8 /* OAuthTokenResponseBody.swift */ = {isa = PBXFileReference; lastKnownFileType = sourcecode.swift; path = OAuthTokenResponseBody.swift; sourceTree = "<group>"; };
		F0FBAB702C2B04AA00FD7D32 /* Constants.swift */ = {isa = PBXFileReference; lastKnownFileType = sourcecode.swift; path = Constants.swift; sourceTree = "<group>"; };
/* End PBXFileReference section */

/* Begin PBXFrameworksBuildPhase section */
		F06AE2DD2BE78E4F008E93DD /* Frameworks */ = {
			isa = PBXFrameworksBuildPhase;
			buildActionMask = 2147483647;
			files = (
			);
			runOnlyForDeploymentPostprocessing = 0;
		};
/* End PBXFrameworksBuildPhase section */

/* Begin PBXGroup section */
		F0504B1D2BFA57F900FC7399 /* ImagesList */ = {
			isa = PBXGroup;
			children = (
				F0504B192BFA1E8900FC7399 /* ImagesListViewController.swift */,
				F0504B1B2BFA57BE00FC7399 /* ImagesListCell.swift */,
			);
			path = ImagesList;
			sourceTree = "<group>";
		};
		F06AE2D72BE78E4F008E93DD = {
			isa = PBXGroup;
			children = (
				F06AE2E22BE78E4F008E93DD /* ImageFeed */,
				F06AE2E12BE78E4F008E93DD /* Products */,
			);
			sourceTree = "<group>";
		};
		F06AE2E12BE78E4F008E93DD /* Products */ = {
			isa = PBXGroup;
			children = (
				F06AE2E02BE78E4F008E93DD /* ImageFeed.app */,
			);
			name = Products;
			sourceTree = "<group>";
		};
		F06AE2E22BE78E4F008E93DD /* ImageFeed */ = {
			isa = PBXGroup;
			children = (
				F0B46BE52C31D846003F81B8 /* URLSession+data.swift */,
				F06AE2E32BE78E4F008E93DD /* AppDelegate.swift */,
				F06AE2E52BE78E4F008E93DD /* SceneDelegate.swift */,
				F0FBAB702C2B04AA00FD7D32 /* Constants.swift */,
				F0B46BEE2C320617003F81B8 /*  OAuth2 */,
				F0B46BEB2C3203FA003F81B8 /* SplashViewController */,
				F0A45D182C26FD3B00D5A494 /* SingleImageView */,
				F0B46BE22C31B0D1003F81B8 /* AuthView */,
				F08CFDB22C0243B100D5ED56 /* ProfileView */,
				F0504B1D2BFA57F900FC7399 /* ImagesList */,
				F06AE2E92BE78E4F008E93DD /* Main.storyboard */,
				F06AE2EC2BE78E51008E93DD /* Assets.xcassets */,
				F06AE2EE2BE78E51008E93DD /* LaunchScreen.storyboard */,
				F06AE2F12BE78E51008E93DD /* Info.plist */,
			);
			path = ImageFeed;
			sourceTree = "<group>";
		};
		F08CFDB22C0243B100D5ED56 /* ProfileView */ = {
			isa = PBXGroup;
			children = (
				F08CFDB02C022CE200D5ED56 /* ProfileViewController.swift */,
			);
			path = ProfileView;
			sourceTree = "<group>";
		};
		F0A45D182C26FD3B00D5A494 /* SingleImageView */ = {
			isa = PBXGroup;
			children = (
				F0A45D152C26E5E100D5A494 /* SingleImageViewController.swift */,
			);
			path = SingleImageView;
			sourceTree = "<group>";
		};
		F0B46BE22C31B0D1003F81B8 /* AuthView */ = {
			isa = PBXGroup;
			children = (
				F0B46BE02C31B0CA003F81B8 /* AuthViewController.swift */,
				F0B46BE32C31B369003F81B8 /* WebViewViewController.swift */,
				F0B46BEF2C320ECC003F81B8 /* OAuthTokenResponseBody.swift */,
			);
			path = AuthView;
			sourceTree = "<group>";
		};
		F0B46BEB2C3203FA003F81B8 /* SplashViewController */ = {
			isa = PBXGroup;
			children = (
				F0B46BEC2C32040B003F81B8 /* SplashViewController.swift */,
			);
			path = SplashViewController;
			sourceTree = "<group>";
		};
		F0B46BEE2C320617003F81B8 /*  OAuth2 */ = {
			isa = PBXGroup;
			children = (
				F0B46BE92C3203DD003F81B8 /* OAuth2TokenStorage.swift */,
				F0B46BE72C3203BD003F81B8 /* OAuth2Service.swift */,
			);
			path = " OAuth2";
			sourceTree = "<group>";
		};
/* End PBXGroup section */

/* Begin PBXNativeTarget section */
		F06AE2DF2BE78E4F008E93DD /* ImageFeed */ = {
			isa = PBXNativeTarget;
			buildConfigurationList = F06AE2F42BE78E51008E93DD /* Build configuration list for PBXNativeTarget "ImageFeed" */;
			buildPhases = (
				F06AE2DC2BE78E4F008E93DD /* Sources */,
				F06AE2DD2BE78E4F008E93DD /* Frameworks */,
				F06AE2DE2BE78E4F008E93DD /* Resources */,
			);
			buildRules = (
			);
			dependencies = (
			);
			name = ImageFeed;
			productName = ImageFeed;
			productReference = F06AE2E02BE78E4F008E93DD /* ImageFeed.app */;
			productType = "com.apple.product-type.application";
		};
/* End PBXNativeTarget section */

/* Begin PBXProject section */
		F06AE2D82BE78E4F008E93DD /* Project object */ = {
			isa = PBXProject;
			attributes = {
				BuildIndependentTargetsInParallel = 1;
				LastSwiftUpdateCheck = 1530;
				LastUpgradeCheck = 1530;
				TargetAttributes = {
					F06AE2DF2BE78E4F008E93DD = {
						CreatedOnToolsVersion = 15.3;
					};
				};
			};
			buildConfigurationList = F06AE2DB2BE78E4F008E93DD /* Build configuration list for PBXProject "ImageFeed" */;
			compatibilityVersion = "Xcode 14.0";
			developmentRegion = en;
			hasScannedForEncodings = 0;
			knownRegions = (
				en,
				Base,
			);
			mainGroup = F06AE2D72BE78E4F008E93DD;
			productRefGroup = F06AE2E12BE78E4F008E93DD /* Products */;
			projectDirPath = "";
			projectRoot = "";
			targets = (
				F06AE2DF2BE78E4F008E93DD /* ImageFeed */,
			);
		};
/* End PBXProject section */

/* Begin PBXResourcesBuildPhase section */
		F06AE2DE2BE78E4F008E93DD /* Resources */ = {
			isa = PBXResourcesBuildPhase;
			buildActionMask = 2147483647;
			files = (
				F06AE2ED2BE78E51008E93DD /* Assets.xcassets in Resources */,
				F06AE2F02BE78E51008E93DD /* Base in Resources */,
				F06AE2EB2BE78E4F008E93DD /* Base in Resources */,
			);
			runOnlyForDeploymentPostprocessing = 0;
		};
/* End PBXResourcesBuildPhase section */

/* Begin PBXSourcesBuildPhase section */
		F06AE2DC2BE78E4F008E93DD /* Sources */ = {
			isa = PBXSourcesBuildPhase;
			buildActionMask = 2147483647;
			files = (
				F0B46BEA2C3203DD003F81B8 /* OAuth2TokenStorage.swift in Sources */,
				F06AE2E42BE78E4F008E93DD /* AppDelegate.swift in Sources */,
				F0504B1C2BFA57BE00FC7399 /* ImagesListCell.swift in Sources */,
				F08CFDB12C022CE200D5ED56 /* ProfileViewController.swift in Sources */,
				F0504B1A2BFA1E8900FC7399 /* ImagesListViewController.swift in Sources */,
				F0B46BE82C3203BD003F81B8 /* OAuth2Service.swift in Sources */,
				F0B46BED2C32040B003F81B8 /* SplashViewController.swift in Sources */,
				F0B46BE12C31B0CA003F81B8 /* AuthViewController.swift in Sources */,
				F0FBAB712C2B04AA00FD7D32 /* Constants.swift in Sources */,
				F0A45D162C26E5E100D5A494 /* SingleImageViewController.swift in Sources */,
				F0B46BF02C320ECC003F81B8 /* OAuthTokenResponseBody.swift in Sources */,
				F0B46BE42C31B369003F81B8 /* WebViewViewController.swift in Sources */,
				F0B46BE62C31D846003F81B8 /* URLSession+data.swift in Sources */,
				F06AE2E62BE78E4F008E93DD /* SceneDelegate.swift in Sources */,
			);
			runOnlyForDeploymentPostprocessing = 0;
		};
/* End PBXSourcesBuildPhase section */

/* Begin PBXVariantGroup section */
		F06AE2E92BE78E4F008E93DD /* Main.storyboard */ = {
			isa = PBXVariantGroup;
			children = (
				F06AE2EA2BE78E4F008E93DD /* Base */,
			);
			name = Main.storyboard;
			sourceTree = "<group>";
		};
		F06AE2EE2BE78E51008E93DD /* LaunchScreen.storyboard */ = {
			isa = PBXVariantGroup;
			children = (
				F06AE2EF2BE78E51008E93DD /* Base */,
			);
			name = LaunchScreen.storyboard;
			sourceTree = "<group>";
		};
/* End PBXVariantGroup section */

/* Begin XCBuildConfiguration section */
		F06AE2F22BE78E51008E93DD /* Debug */ = {
			isa = XCBuildConfiguration;
			buildSettings = {
				ALWAYS_SEARCH_USER_PATHS = NO;
				ASSETCATALOG_COMPILER_GENERATE_SWIFT_ASSET_SYMBOL_EXTENSIONS = YES;
				CLANG_ANALYZER_NONNULL = YES;
				CLANG_ANALYZER_NUMBER_OBJECT_CONVERSION = YES_AGGRESSIVE;
				CLANG_CXX_LANGUAGE_STANDARD = "gnu++20";
				CLANG_ENABLE_MODULES = YES;
				CLANG_ENABLE_OBJC_ARC = YES;
				CLANG_ENABLE_OBJC_WEAK = YES;
				CLANG_WARN_BLOCK_CAPTURE_AUTORELEASING = YES;
				CLANG_WARN_BOOL_CONVERSION = YES;
				CLANG_WARN_COMMA = YES;
				CLANG_WARN_CONSTANT_CONVERSION = YES;
				CLANG_WARN_DEPRECATED_OBJC_IMPLEMENTATIONS = YES;
				CLANG_WARN_DIRECT_OBJC_ISA_USAGE = YES_ERROR;
				CLANG_WARN_DOCUMENTATION_COMMENTS = YES;
				CLANG_WARN_EMPTY_BODY = YES;
				CLANG_WARN_ENUM_CONVERSION = YES;
				CLANG_WARN_INFINITE_RECURSION = YES;
				CLANG_WARN_INT_CONVERSION = YES;
				CLANG_WARN_NON_LITERAL_NULL_CONVERSION = YES;
				CLANG_WARN_OBJC_IMPLICIT_RETAIN_SELF = YES;
				CLANG_WARN_OBJC_LITERAL_CONVERSION = YES;
				CLANG_WARN_OBJC_ROOT_CLASS = YES_ERROR;
				CLANG_WARN_QUOTED_INCLUDE_IN_FRAMEWORK_HEADER = YES;
				CLANG_WARN_RANGE_LOOP_ANALYSIS = YES;
				CLANG_WARN_STRICT_PROTOTYPES = YES;
				CLANG_WARN_SUSPICIOUS_MOVE = YES;
				CLANG_WARN_UNGUARDED_AVAILABILITY = YES_AGGRESSIVE;
				CLANG_WARN_UNREACHABLE_CODE = YES;
				CLANG_WARN__DUPLICATE_METHOD_MATCH = YES;
				COPY_PHASE_STRIP = NO;
				DEBUG_INFORMATION_FORMAT = dwarf;
				ENABLE_STRICT_OBJC_MSGSEND = YES;
				ENABLE_TESTABILITY = YES;
				ENABLE_USER_SCRIPT_SANDBOXING = YES;
				GCC_C_LANGUAGE_STANDARD = gnu17;
				GCC_DYNAMIC_NO_PIC = NO;
				GCC_NO_COMMON_BLOCKS = YES;
				GCC_OPTIMIZATION_LEVEL = 0;
				GCC_PREPROCESSOR_DEFINITIONS = (
					"DEBUG=1",
					"$(inherited)",
				);
				GCC_WARN_64_TO_32_BIT_CONVERSION = YES;
				GCC_WARN_ABOUT_RETURN_TYPE = YES_ERROR;
				GCC_WARN_UNDECLARED_SELECTOR = YES;
				GCC_WARN_UNINITIALIZED_AUTOS = YES_AGGRESSIVE;
				GCC_WARN_UNUSED_FUNCTION = YES;
				GCC_WARN_UNUSED_VARIABLE = YES;
				IPHONEOS_DEPLOYMENT_TARGET = 13.0;
				LOCALIZATION_PREFERS_STRING_CATALOGS = YES;
				MTL_ENABLE_DEBUG_INFO = INCLUDE_SOURCE;
				MTL_FAST_MATH = YES;
				ONLY_ACTIVE_ARCH = YES;
				SDKROOT = iphoneos;
				SWIFT_ACTIVE_COMPILATION_CONDITIONS = "DEBUG $(inherited)";
				SWIFT_OPTIMIZATION_LEVEL = "-Onone";
			};
			name = Debug;
		};
		F06AE2F32BE78E51008E93DD /* Release */ = {
			isa = XCBuildConfiguration;
			buildSettings = {
				ALWAYS_SEARCH_USER_PATHS = NO;
				ASSETCATALOG_COMPILER_GENERATE_SWIFT_ASSET_SYMBOL_EXTENSIONS = YES;
				CLANG_ANALYZER_NONNULL = YES;
				CLANG_ANALYZER_NUMBER_OBJECT_CONVERSION = YES_AGGRESSIVE;
				CLANG_CXX_LANGUAGE_STANDARD = "gnu++20";
				CLANG_ENABLE_MODULES = YES;
				CLANG_ENABLE_OBJC_ARC = YES;
				CLANG_ENABLE_OBJC_WEAK = YES;
				CLANG_WARN_BLOCK_CAPTURE_AUTORELEASING = YES;
				CLANG_WARN_BOOL_CONVERSION = YES;
				CLANG_WARN_COMMA = YES;
				CLANG_WARN_CONSTANT_CONVERSION = YES;
				CLANG_WARN_DEPRECATED_OBJC_IMPLEMENTATIONS = YES;
				CLANG_WARN_DIRECT_OBJC_ISA_USAGE = YES_ERROR;
				CLANG_WARN_DOCUMENTATION_COMMENTS = YES;
				CLANG_WARN_EMPTY_BODY = YES;
				CLANG_WARN_ENUM_CONVERSION = YES;
				CLANG_WARN_INFINITE_RECURSION = YES;
				CLANG_WARN_INT_CONVERSION = YES;
				CLANG_WARN_NON_LITERAL_NULL_CONVERSION = YES;
				CLANG_WARN_OBJC_IMPLICIT_RETAIN_SELF = YES;
				CLANG_WARN_OBJC_LITERAL_CONVERSION = YES;
				CLANG_WARN_OBJC_ROOT_CLASS = YES_ERROR;
				CLANG_WARN_QUOTED_INCLUDE_IN_FRAMEWORK_HEADER = YES;
				CLANG_WARN_RANGE_LOOP_ANALYSIS = YES;
				CLANG_WARN_STRICT_PROTOTYPES = YES;
				CLANG_WARN_SUSPICIOUS_MOVE = YES;
				CLANG_WARN_UNGUARDED_AVAILABILITY = YES_AGGRESSIVE;
				CLANG_WARN_UNREACHABLE_CODE = YES;
				CLANG_WARN__DUPLICATE_METHOD_MATCH = YES;
				COPY_PHASE_STRIP = NO;
				DEBUG_INFORMATION_FORMAT = "dwarf-with-dsym";
				ENABLE_NS_ASSERTIONS = NO;
				ENABLE_STRICT_OBJC_MSGSEND = YES;
				ENABLE_USER_SCRIPT_SANDBOXING = YES;
				GCC_C_LANGUAGE_STANDARD = gnu17;
				GCC_NO_COMMON_BLOCKS = YES;
				GCC_WARN_64_TO_32_BIT_CONVERSION = YES;
				GCC_WARN_ABOUT_RETURN_TYPE = YES_ERROR;
				GCC_WARN_UNDECLARED_SELECTOR = YES;
				GCC_WARN_UNINITIALIZED_AUTOS = YES_AGGRESSIVE;
				GCC_WARN_UNUSED_FUNCTION = YES;
				GCC_WARN_UNUSED_VARIABLE = YES;
				IPHONEOS_DEPLOYMENT_TARGET = 13.0;
				LOCALIZATION_PREFERS_STRING_CATALOGS = YES;
				MTL_ENABLE_DEBUG_INFO = NO;
				MTL_FAST_MATH = YES;
				SDKROOT = iphoneos;
				SWIFT_COMPILATION_MODE = wholemodule;
				VALIDATE_PRODUCT = YES;
			};
			name = Release;
		};
		F06AE2F52BE78E51008E93DD /* Debug */ = {
			isa = XCBuildConfiguration;
			buildSettings = {
				ASSETCATALOG_COMPILER_APPICON_NAME = AppIcon;
				ASSETCATALOG_COMPILER_GLOBAL_ACCENT_COLOR_NAME = AccentColor;
				CODE_SIGN_STYLE = Automatic;
				CURRENT_PROJECT_VERSION = 1;
				DEVELOPMENT_TEAM = SJR6F476V4;
				GENERATE_INFOPLIST_FILE = YES;
				INFOPLIST_FILE = ImageFeed/Info.plist;
				INFOPLIST_KEY_UIApplicationSupportsIndirectInputEvents = YES;
				INFOPLIST_KEY_UILaunchStoryboardName = LaunchScreen;
				INFOPLIST_KEY_UIMainStoryboardFile = Main;
				INFOPLIST_KEY_UIStatusBarStyle = "";
				INFOPLIST_KEY_UISupportedInterfaceOrientations = UIInterfaceOrientationPortrait;
				IPHONEOS_DEPLOYMENT_TARGET = 13.0;
				LD_RUNPATH_SEARCH_PATHS = (
					"$(inherited)",
					"@executable_path/Frameworks",
				);
				MARKETING_VERSION = 1.0;
				PRODUCT_BUNDLE_IDENTIFIER = com.kuba777.ImageFeed;
				PRODUCT_NAME = "$(TARGET_NAME)";
				SUPPORTED_PLATFORMS = "iphoneos iphonesimulator";
				SUPPORTS_MACCATALYST = NO;
				SUPPORTS_MAC_DESIGNED_FOR_IPHONE_IPAD = NO;
				SUPPORTS_XR_DESIGNED_FOR_IPHONE_IPAD = NO;
				SWIFT_EMIT_LOC_STRINGS = YES;
				SWIFT_VERSION = 5.0;
				TARGETED_DEVICE_FAMILY = 1;
			};
			name = Debug;
		};
		F06AE2F62BE78E51008E93DD /* Release */ = {
			isa = XCBuildConfiguration;
			buildSettings = {
				ASSETCATALOG_COMPILER_APPICON_NAME = AppIcon;
				ASSETCATALOG_COMPILER_GLOBAL_ACCENT_COLOR_NAME = AccentColor;
				CODE_SIGN_STYLE = Automatic;
				CURRENT_PROJECT_VERSION = 1;
				DEVELOPMENT_TEAM = SJR6F476V4;
				GENERATE_INFOPLIST_FILE = YES;
				INFOPLIST_FILE = ImageFeed/Info.plist;
				INFOPLIST_KEY_UIApplicationSupportsIndirectInputEvents = YES;
				INFOPLIST_KEY_UILaunchStoryboardName = LaunchScreen;
				INFOPLIST_KEY_UIMainStoryboardFile = Main;
				INFOPLIST_KEY_UIStatusBarStyle = "";
				INFOPLIST_KEY_UISupportedInterfaceOrientations = UIInterfaceOrientationPortrait;
				IPHONEOS_DEPLOYMENT_TARGET = 13.0;
				LD_RUNPATH_SEARCH_PATHS = (
					"$(inherited)",
					"@executable_path/Frameworks",
				);
				MARKETING_VERSION = 1.0;
				PRODUCT_BUNDLE_IDENTIFIER = com.kuba777.ImageFeed;
				PRODUCT_NAME = "$(TARGET_NAME)";
				SUPPORTED_PLATFORMS = "iphoneos iphonesimulator";
				SUPPORTS_MACCATALYST = NO;
				SUPPORTS_MAC_DESIGNED_FOR_IPHONE_IPAD = NO;
				SUPPORTS_XR_DESIGNED_FOR_IPHONE_IPAD = NO;
				SWIFT_EMIT_LOC_STRINGS = YES;
				SWIFT_VERSION = 5.0;
				TARGETED_DEVICE_FAMILY = 1;
			};
			name = Release;
		};
/* End XCBuildConfiguration section */

/* Begin XCConfigurationList section */
		F06AE2DB2BE78E4F008E93DD /* Build configuration list for PBXProject "ImageFeed" */ = {
			isa = XCConfigurationList;
			buildConfigurations = (
				F06AE2F22BE78E51008E93DD /* Debug */,
				F06AE2F32BE78E51008E93DD /* Release */,
			);
			defaultConfigurationIsVisible = 0;
			defaultConfigurationName = Release;
		};
		F06AE2F42BE78E51008E93DD /* Build configuration list for PBXNativeTarget "ImageFeed" */ = {
			isa = XCConfigurationList;
			buildConfigurations = (
				F06AE2F52BE78E51008E93DD /* Debug */,
				F06AE2F62BE78E51008E93DD /* Release */,
			);
			defaultConfigurationIsVisible = 0;
			defaultConfigurationName = Release;
		};
/* End XCConfigurationList section */
	};
	rootObject = F06AE2D82BE78E4F008E93DD /* Project object */;
}
